
Microsoft Visual Studio Solution File, Format Version 12.00
# Visual Studio Version 17
VisualStudioVersion = 17.6.33723.286
MinimumVisualStudioVersion = 10.0.40219.1
Project("{FAE04EC0-301F-11D3-BF4B-00C04F79EFBC}") = "SquareLibrary", "SquareLibrary.csproj", "{6374BFC4-DD12-4C6D-8878-81553E2317DD}"
EndProject
Project("{FAE04EC0-301F-11D3-BF4B-00C04F79EFBC}") = "SquareLibraryTests", "..\SquareLibraryTests\SquareLibraryTests.csproj", "{50C5CBBB-2E7A-48AF-B3FA-C582A4D01027}"
EndProject
Global
	GlobalSection(SolutionConfigurationPlatforms) = preSolution
		Debug|Any CPU = Debug|Any CPU
		Release|Any CPU = Release|Any CPU
	EndGlobalSection
	GlobalSection(ProjectConfigurationPlatforms) = postSolution
		{6374BFC4-DD12-4C6D-8878-81553E2317DD}.Debug|Any CPU.ActiveCfg = Debug|Any CPU
		{6374BFC4-DD12-4C6D-8878-81553E2317DD}.Debug|Any CPU.Build.0 = Debug|Any CPU
		{6374BFC4-DD12-4C6D-8878-81553E2317DD}.Release|Any CPU.ActiveCfg = Release|Any CPU
		{6374BFC4-DD12-4C6D-8878-81553E2317DD}.Release|Any CPU.Build.0 = Release|Any CPU
		{50C5CBBB-2E7A-48AF-B3FA-C582A4D01027}.Debug|Any CPU.ActiveCfg = Debug|Any CPU
		{50C5CBBB-2E7A-48AF-B3FA-C582A4D01027}.Debug|Any CPU.Build.0 = Debug|Any CPU
		{50C5CBBB-2E7A-48AF-B3FA-C582A4D01027}.Release|Any CPU.ActiveCfg = Release|Any CPU
		{50C5CBBB-2E7A-48AF-B3FA-C582A4D01027}.Release|Any CPU.Build.0 = Release|Any CPU
	EndGlobalSection
	GlobalSection(SolutionProperties) = preSolution
		HideSolutionNode = FALSE
	EndGlobalSection
	GlobalSection(ExtensibilityGlobals) = postSolution
		SolutionGuid = {A68A5233-079C-4797-BF6C-0350F869FACE}
	EndGlobalSection
EndGlobal
